
Microsoft Visual Studio Solution File, Format Version 12.00
# Visual Studio Version 17
VisualStudioVersion = 17.4.33205.214
MinimumVisualStudioVersion = 10.0.40219.1
Project("{FAE04EC0-301F-11D3-BF4B-00C04F79EFBC}") = "CleanArchMvc.Domain", "CleanArchMvc.Domain\CleanArchMvc.Domain.csproj", "{2ACB242E-BE14-46D0-9E15-A941CCB00EE6}"
EndProject
Project("{FAE04EC0-301F-11D3-BF4B-00C04F79EFBC}") = "CleanArchMvc.Application", "CleanArchMvc.Application\CleanArchMvc.Application.csproj", "{B8A01A30-9AD8-4125-8957-27EF754F1F76}"
EndProject
Project("{FAE04EC0-301F-11D3-BF4B-00C04F79EFBC}") = "CleanArchMvc.Data", "CleanArchMvc.Data\CleanArchMvc.Data.csproj", "{3068244D-52EE-466E-9C7D-DB971735F518}"
EndProject
Project("{FAE04EC0-301F-11D3-BF4B-00C04F79EFBC}") = "CleanArchMvc.IoC", "CleanArchMvc.IoC\CleanArchMvc.IoC.csproj", "{020F08D6-7DFD-4318-9A91-D9B0EBE3EA77}"
EndProject
Project("{FAE04EC0-301F-11D3-BF4B-00C04F79EFBC}") = "CleanArchMvc.WebUI", "CleanArchMvc.WebUI\CleanArchMvc.WebUI.csproj", "{7DBAF2DB-E2F8-4302-83AD-88DBD675CB5D}"
EndProject
Global
	GlobalSection(SolutionConfigurationPlatforms) = preSolution
		Debug|Any CPU = Debug|Any CPU
		Release|Any CPU = Release|Any CPU
	EndGlobalSection
	GlobalSection(ProjectConfigurationPlatforms) = postSolution
		{2ACB242E-BE14-46D0-9E15-A941CCB00EE6}.Debug|Any CPU.ActiveCfg = Debug|Any CPU
		{2ACB242E-BE14-46D0-9E15-A941CCB00EE6}.Debug|Any CPU.Build.0 = Debug|Any CPU
		{2ACB242E-BE14-46D0-9E15-A941CCB00EE6}.Release|Any CPU.ActiveCfg = Release|Any CPU
		{2ACB242E-BE14-46D0-9E15-A941CCB00EE6}.Release|Any CPU.Build.0 = Release|Any CPU
		{B8A01A30-9AD8-4125-8957-27EF754F1F76}.Debug|Any CPU.ActiveCfg = Debug|Any CPU
		{B8A01A30-9AD8-4125-8957-27EF754F1F76}.Debug|Any CPU.Build.0 = Debug|Any CPU
		{B8A01A30-9AD8-4125-8957-27EF754F1F76}.Release|Any CPU.ActiveCfg = Release|Any CPU
		{B8A01A30-9AD8-4125-8957-27EF754F1F76}.Release|Any CPU.Build.0 = Release|Any CPU
		{3068244D-52EE-466E-9C7D-DB971735F518}.Debug|Any CPU.ActiveCfg = Debug|Any CPU
		{3068244D-52EE-466E-9C7D-DB971735F518}.Debug|Any CPU.Build.0 = Debug|Any CPU
		{3068244D-52EE-466E-9C7D-DB971735F518}.Release|Any CPU.ActiveCfg = Release|Any CPU
		{3068244D-52EE-466E-9C7D-DB971735F518}.Release|Any CPU.Build.0 = Release|Any CPU
		{020F08D6-7DFD-4318-9A91-D9B0EBE3EA77}.Debug|Any CPU.ActiveCfg = Debug|Any CPU
		{020F08D6-7DFD-4318-9A91-D9B0EBE3EA77}.Debug|Any CPU.Build.0 = Debug|Any CPU
		{020F08D6-7DFD-4318-9A91-D9B0EBE3EA77}.Release|Any CPU.ActiveCfg = Release|Any CPU
		{020F08D6-7DFD-4318-9A91-D9B0EBE3EA77}.Release|Any CPU.Build.0 = Release|Any CPU
		{7DBAF2DB-E2F8-4302-83AD-88DBD675CB5D}.Debug|Any CPU.ActiveCfg = Debug|Any CPU
		{7DBAF2DB-E2F8-4302-83AD-88DBD675CB5D}.Debug|Any CPU.Build.0 = Debug|Any CPU
		{7DBAF2DB-E2F8-4302-83AD-88DBD675CB5D}.Release|Any CPU.ActiveCfg = Release|Any CPU
		{7DBAF2DB-E2F8-4302-83AD-88DBD675CB5D}.Release|Any CPU.Build.0 = Release|Any CPU
	EndGlobalSection
	GlobalSection(SolutionProperties) = preSolution
		HideSolutionNode = FALSE
	EndGlobalSection
	GlobalSection(ExtensibilityGlobals) = postSolution
		SolutionGuid = {2E623F36-82BD-4F72-880B-E78654FE875D}
	EndGlobalSection
EndGlobal
